
Microsoft Visual Studio Solution File, Format Version 12.00
# Visual Studio 15
VisualStudioVersion = 15.0.27130.2027
MinimumVisualStudioVersion = 10.0.40219.1
Project("{FAE04EC0-301F-11D3-BF4B-00C04F79EFBC}") = "MyRSA", "MyRSA\MyRSA.csproj", "{28CC8796-078E-4604-93D5-419CCCA6A301}"
EndProject
Global
	GlobalSection(SolutionConfigurationPlatforms) = preSolution
		Debug|Any CPU = Debug|Any CPU
		Release|Any CPU = Release|Any CPU
	EndGlobalSection
	GlobalSection(ProjectConfigurationPlatforms) = postSolution
		{28CC8796-078E-4604-93D5-419CCCA6A301}.Debug|Any CPU.ActiveCfg = Debug|Any CPU
		{28CC8796-078E-4604-93D5-419CCCA6A301}.Debug|Any CPU.Build.0 = Debug|Any CPU
		{28CC8796-078E-4604-93D5-419CCCA6A301}.Release|Any CPU.ActiveCfg = Release|Any CPU
		{28CC8796-078E-4604-93D5-419CCCA6A301}.Release|Any CPU.Build.0 = Release|Any CPU
	EndGlobalSection
	GlobalSection(SolutionProperties) = preSolution
		HideSolutionNode = FALSE
	EndGlobalSection
	GlobalSection(ExtensibilityGlobals) = postSolution
		SolutionGuid = {E1CB5D96-422C-428C-81D7-21A353DF31D5}
	EndGlobalSection
EndGlobal
